
Microsoft Visual Studio Solution File, Format Version 12.00
# Visual Studio Version 17
VisualStudioVersion = 17.6.33801.468
MinimumVisualStudioVersion = 10.0.40219.1
Project("{FAE04EC0-301F-11D3-BF4B-00C04F79EFBC}") = "EventHandlerMethod", "EventHandlerMethod\EventHandlerMethod.csproj", "{BB3453AC-8E63-4DCF-A4B2-AB87D20F36AF}"
EndProject
Global
	GlobalSection(SolutionConfigurationPlatforms) = preSolution
		Debug|Any CPU = Debug|Any CPU
		Release|Any CPU = Release|Any CPU
	EndGlobalSection
	GlobalSection(ProjectConfigurationPlatforms) = postSolution
		{BB3453AC-8E63-4DCF-A4B2-AB87D20F36AF}.Debug|Any CPU.ActiveCfg = Debug|Any CPU
		{BB3453AC-8E63-4DCF-A4B2-AB87D20F36AF}.Debug|Any CPU.Build.0 = Debug|Any CPU
		{BB3453AC-8E63-4DCF-A4B2-AB87D20F36AF}.Release|Any CPU.ActiveCfg = Release|Any CPU
		{BB3453AC-8E63-4DCF-A4B2-AB87D20F36AF}.Release|Any CPU.Build.0 = Release|Any CPU
	EndGlobalSection
	GlobalSection(SolutionProperties) = preSolution
		HideSolutionNode = FALSE
	EndGlobalSection
	GlobalSection(ExtensibilityGlobals) = postSolution
		SolutionGuid = {C9F0FC6E-C24B-4D69-A8DE-92C425D832C6}
	EndGlobalSection
EndGlobal
